
Microsoft Visual Studio Solution File, Format Version 12.00
# Visual Studio 15
VisualStudioVersion = 15.0.28307.168
MinimumVisualStudioVersion = 10.0.40219.1
Project("{2150E333-8FDC-42A3-9474-1A3956D46DE8}") = "src", "src", "{8659C8E8-DD98-40E5-A963-E11D7277AC2C}"
EndProject
Project("{2150E333-8FDC-42A3-9474-1A3956D46DE8}") = "test", "test", "{BB20055D-BC04-4450-B175-6A1BF3747355}"
EndProject
Project("{FAE04EC0-301F-11D3-BF4B-00C04F79EFBC}") = "Jmw.MediatR.Behaviors", "src\Jmw.MediatR.Behaviors\Jmw.MediatR.Behaviors.csproj", "{3F35466C-C766-4C6D-9B31-C0C3ADE7F537}"
EndProject
Project("{2150E333-8FDC-42A3-9474-1A3956D46DE8}") = "Solution Items", "Solution Items", "{E468675F-51EE-443E-9DDE-AC21D62364D7}"
	ProjectSection(SolutionItems) = preProject
		stylecop.json = stylecop.json
		stylecop.ruleset = stylecop.ruleset
	EndProjectSection
EndProject
Global
	GlobalSection(SolutionConfigurationPlatforms) = preSolution
		Debug|Any CPU = Debug|Any CPU
		Release|Any CPU = Release|Any CPU
	EndGlobalSection
	GlobalSection(ProjectConfigurationPlatforms) = postSolution
		{3F35466C-C766-4C6D-9B31-C0C3ADE7F537}.Debug|Any CPU.ActiveCfg = Debug|Any CPU
		{3F35466C-C766-4C6D-9B31-C0C3ADE7F537}.Debug|Any CPU.Build.0 = Debug|Any CPU
		{3F35466C-C766-4C6D-9B31-C0C3ADE7F537}.Release|Any CPU.ActiveCfg = Release|Any CPU
		{3F35466C-C766-4C6D-9B31-C0C3ADE7F537}.Release|Any CPU.Build.0 = Release|Any CPU
	EndGlobalSection
	GlobalSection(SolutionProperties) = preSolution
		HideSolutionNode = FALSE
	EndGlobalSection
	GlobalSection(NestedProjects) = preSolution
		{3F35466C-C766-4C6D-9B31-C0C3ADE7F537} = {8659C8E8-DD98-40E5-A963-E11D7277AC2C}
	EndGlobalSection
	GlobalSection(ExtensibilityGlobals) = postSolution
		SolutionGuid = {8218722C-D4BB-4ABA-BE96-ED10C2FBE3DD}
	EndGlobalSection
EndGlobal
